// !$*UTF8*$!
{
	archiveVersion = 1;
	classes = {
	};
	objectVersion = 46;
	objects = {

/* Begin PBXBuildFile section */
		8402820A1EBB2F09009010CB /* main.m in Sources */ = {isa = PBXBuildFile; fileRef = 840282091EBB2F09009010CB /* main.m */; };
		8402820D1EBB2F09009010CB /* AppDelegate.m in Sources */ = {isa = PBXBuildFile; fileRef = 8402820C1EBB2F09009010CB /* AppDelegate.m */; };
		840282101EBB2F09009010CB /* ViewController.m in Sources */ = {isa = PBXBuildFile; fileRef = 8402820F1EBB2F09009010CB /* ViewController.m */; };
		840282131EBB2F09009010CB /* Main.storyboard in Resources */ = {isa = PBXBuildFile; fileRef = 840282111EBB2F09009010CB /* Main.storyboard */; };
		840282151EBB2F09009010CB /* Assets.xcassets in Resources */ = {isa = PBXBuildFile; fileRef = 840282141EBB2F09009010CB /* Assets.xcassets */; };
		840282181EBB2F09009010CB /* LaunchScreen.storyboard in Resources */ = {isa = PBXBuildFile; fileRef = 840282161EBB2F09009010CB /* LaunchScreen.storyboard */; };
/* End PBXBuildFile section */

/* Begin PBXFileReference section */
		840282051EBB2F09009010CB /* MyApp.app */ = {isa = PBXFileReference; explicitFileType = wrapper.application; includeInIndex = 0; path = MyApp.app; sourceTree = BUILT_PRODUCTS_DIR; };
		840282091EBB2F09009010CB /* main.m */ = {isa = PBXFileReference; lastKnownFileType = sourcecode.c.objc; path = main.m; sourceTree = "<group>"; };
		8402820B1EBB2F09009010CB /* AppDelegate.h */ = {isa = PBXFileReference; lastKnownFileType = sourcecode.c.h; path = AppDelegate.h; sourceTree = "<group>"; };
		8402820C1EBB2F09009010CB /* AppDelegate.m */ = {isa = PBXFileReference; lastKnownFileType = sourcecode.c.objc; path = AppDelegate.m; sourceTree = "<group>"; };
		8402820E1EBB2F09009010CB /* ViewController.h */ = {isa = PBXFileReference; lastKnownFileType = sourcecode.c.h; path = ViewController.h; sourceTree = "<group>"; };
		8402820F1EBB2F09009010CB /* ViewController.m */ = {isa = PBXFileReference; lastKnownFileType = sourcecode.c.objc; path = ViewController.m; sourceTree = "<group>"; };
		840282121EBB2F09009010CB /* Base */ = {isa = PBXFileReference; lastKnownFileType = file.storyboard; name = Base; path = Base.lproj/Main.storyboard; sourceTree = "<group>"; };
		840282141EBB2F09009010CB /* Assets.xcassets */ = {isa = PBXFileReference; lastKnownFileType = folder.assetcatalog; path = Assets.xcassets; sourceTree = "<group>"; };
		840282171EBB2F09009010CB /* Base */ = {isa = PBXFileReference; lastKnownFileType = file.storyboard; name = Base; path = Base.lproj/LaunchScreen.storyboard; sourceTree = "<group>"; };
		840282191EBB2F09009010CB /* Info.plist */ = {isa = PBXFileReference; lastKnownFileType = text.plist.xml; path = Info.plist; sourceTree = "<group>"; };
/* End PBXFileReference section */

/* Begin PBXFrameworksBuildPhase section */
		840282021EBB2F09009010CB /* Frameworks */ = {
			isa = PBXFrameworksBuildPhase;
			buildActionMask = 2147483647;
			files = (
			);
			runOnlyForDeploymentPostprocessing = 0;
		};
/* End PBXFrameworksBuildPhase section */

/* Begin PBXGroup section */
		840281FC1EBB2F09009010CB = {
			isa = PBXGroup;
			children = (
				840282071EBB2F09009010CB /* MyApp */,
				840282061EBB2F09009010CB /* Products */,
			);
			sourceTree = "<group>";
		};
		840282061EBB2F09009010CB /* Products */ = {
			isa = PBXGroup;
			children = (
				840282051EBB2F09009010CB /* MyApp.app */,
			);
			name = Products;
			sourceTree = "<group>";
		};
		840282071EBB2F09009010CB /* MyApp */ = {
			isa = PBXGroup;
			children = (
				8402820B1EBB2F09009010CB /* AppDelegate.h */,
				8402820C1EBB2F09009010CB /* AppDelegate.m */,
				8402820E1EBB2F09009010CB /* ViewController.h */,
				8402820F1EBB2F09009010CB /* ViewController.m */,
				840282111EBB2F09009010CB /* Main.storyboard */,
				840282141EBB2F09009010CB /* Assets.xcassets */,
				840282161EBB2F09009010CB /* LaunchScreen.storyboard */,
				840282191EBB2F09009010CB /* Info.plist */,
				840282081EBB2F09009010CB /* Supporting Files */,
			);
			path = MyApp;
			sourceTree = "<group>";
		};
		840282081EBB2F09009010CB /* Supporting Files */ = {
			isa = PBXGroup;
			children = (
				840282091EBB2F09009010CB /* main.m */,
			);
			name = "Supporting Files";
			sourceTree = "<group>";
		};
/* End PBXGroup section */

/* Begin PBXNativeTarget section */
		840282041EBB2F09009010CB /* MyApp */ = {
			isa = PBXNativeTarget;
			buildConfigurationList = 8402821C1EBB2F09009010CB /* Build configuration list for PBXNativeTarget "MyApp" */;
			buildPhases = (
				840282011EBB2F09009010CB /* Sources */,
				840282021EBB2F09009010CB /* Frameworks */,
				840282031EBB2F09009010CB /* Resources */,
			);
			buildRules = (
			);
			dependencies = (
			);
			name = MyApp;
			productName = MyApp;
			productReference = 840282051EBB2F09009010CB /* MyApp.app */;
			productType = "com.apple.product-type.application";
		};
/* End PBXNativeTarget section */

/* Begin PBXProject section */
		840281FD1EBB2F09009010CB /* Project object */ = {
			isa = PBXProject;
			attributes = {
				LastUpgradeCheck = 0810;
				ORGANIZATIONNAME = LoganCorporation;
				TargetAttributes = {
					840282041EBB2F09009010CB = {
						CreatedOnToolsVersion = 8.1;
						DevelopmentTeam = 6R8QQ5YD77;
						ProvisioningStyle = Automatic;
					};
				};
			};
			buildConfigurationList = 840282001EBB2F09009010CB /* Build configuration list for PBXProject "MyApp" */;
			compatibilityVersion = "Xcode 3.2";
			developmentRegion = English;
			hasScannedForEncodings = 0;
			knownRegions = (
				en,
				Base,
			);
			mainGroup = 840281FC1EBB2F09009010CB;
			productRefGroup = 840282061EBB2F09009010CB /* Products */;
			projectDirPath = "";
			projectRoot = "";
			targets = (
				840282041EBB2F09009010CB /* MyApp */,
			);
		};
/* End PBXProject section */

/* Begin PBXResourcesBuildPhase section */
		840282031EBB2F09009010CB /* Resources */ = {
			isa = PBXResourcesBuildPhase;
			buildActionMask = 2147483647;
			files = (
				840282181EBB2F09009010CB /* LaunchScreen.storyboard in Resources */,
				840282151EBB2F09009010CB /* Assets.xcassets in Resources */,
				840282131EBB2F09009010CB /* Main.storyboard in Resources */,
			);
			runOnlyForDeploymentPostprocessing = 0;
		};
/* End PBXResourcesBuildPhase section */

/* Begin PBXSourcesBuildPhase section */
		840282011EBB2F09009010CB /* Sources */ = {
			isa = PBXSourcesBuildPhase;
			buildActionMask = 2147483647;
			files = (
				840282101EBB2F09009010CB /* ViewController.m in Sources */,
				8402820D1EBB2F09009010CB /* AppDelegate.m in Sources */,
				8402820A1EBB2F09009010CB /* main.m in Sources */,
			);
			runOnlyForDeploymentPostprocessing = 0;
		};
/* End PBXSourcesBuildPhase section */

/* Begin PBXVariantGroup section */
		840282111EBB2F09009010CB /* Main.storyboard */ = {
			isa = PBXVariantGroup;
			children = (
				840282121EBB2F09009010CB /* Base */,
			);
			name = Main.storyboard;
			sourceTree = "<group>";
		};
		840282161EBB2F09009010CB /* LaunchScreen.storyboard */ = {
			isa = PBXVariantGroup;
			children = (
				840282171EBB2F09009010CB /* Base */,
			);
			name = LaunchScreen.storyboard;
			sourceTree = "<group>";
		};
/* End PBXVariantGroup section */

/* Begin XCBuildConfiguration section */
		8402821A1EBB2F09009010CB /* Debug */ = {
			isa = XCBuildConfiguration;
			buildSettings = {
				ALWAYS_SEARCH_USER_PATHS = NO;
				CLANG_ANALYZER_NONNULL = YES;
				CLANG_CXX_LANGUAGE_STANDARD = "gnu++0x";
				CLANG_CXX_LIBRARY = "libc++";
				CLANG_ENABLE_MODULES = YES;
				CLANG_ENABLE_OBJC_ARC = YES;
				CLANG_WARN_BOOL_CONVERSION = YES;
				CLANG_WARN_CONSTANT_CONVERSION = YES;
				CLANG_WARN_DIRECT_OBJC_ISA_USAGE = YES_ERROR;
				CLANG_WARN_DOCUMENTATION_COMMENTS = YES;
				CLANG_WARN_EMPTY_BODY = YES;
				CLANG_WARN_ENUM_CONVERSION = YES;
				CLANG_WARN_INFINITE_RECURSION = YES;
				CLANG_WARN_INT_CONVERSION = YES;
				CLANG_WARN_OBJC_ROOT_CLASS = YES_ERROR;
				CLANG_WARN_SUSPICIOUS_MOVES = YES;
				CLANG_WARN_UNREACHABLE_CODE = YES;
				CLANG_WARN__DUPLICATE_METHOD_MATCH = YES;
				"CODE_SIGN_IDENTITY[sdk=iphoneos*]" = "iPhone Developer";
				COPY_PHASE_STRIP = NO;
				DEBUG_INFORMATION_FORMAT = dwarf;
				ENABLE_STRICT_OBJC_MSGSEND = YES;
				ENABLE_TESTABILITY = YES;
				GCC_C_LANGUAGE_STANDARD = gnu99;
				GCC_DYNAMIC_NO_PIC = NO;
				GCC_NO_COMMON_BLOCKS = YES;
				GCC_OPTIMIZATION_LEVEL = 0;
				GCC_PREPROCESSOR_DEFINITIONS = (
					"DEBUG=1",
					"$(inherited)",
				);
				GCC_WARN_64_TO_32_BIT_CONVERSION = YES;
				GCC_WARN_ABOUT_RETURN_TYPE = YES_ERROR;
				GCC_WARN_UNDECLARED_SELECTOR = YES;
				GCC_WARN_UNINITIALIZED_AUTOS = YES_AGGRESSIVE;
				GCC_WARN_UNUSED_FUNCTION = YES;
				GCC_WARN_UNUSED_VARIABLE = YES;
				IPHONEOS_DEPLOYMENT_TARGET = 10.1;
				MTL_ENABLE_DEBUG_INFO = YES;
				ONLY_ACTIVE_ARCH = YES;
				SDKROOT = iphoneos;
			};
			name = Debug;
		};
		8402821B1EBB2F09009010CB /* Release */ = {
			isa = XCBuildConfiguration;
			buildSettings = {
				ALWAYS_SEARCH_USER_PATHS = NO;
				CLANG_ANALYZER_NONNULL = YES;
				CLANG_CXX_LANGUAGE_STANDARD = "gnu++0x";
				CLANG_CXX_LIBRARY = "libc++";
				CLANG_ENABLE_MODULES = YES;
				CLANG_ENABLE_OBJC_ARC = YES;
				CLANG_WARN_BOOL_CONVERSION = YES;
				CLANG_WARN_CONSTANT_CONVERSION = YES;
				CLANG_WARN_DIRECT_OBJC_ISA_USAGE = YES_ERROR;
				CLANG_WARN_DOCUMENTATION_COMMENTS = YES;
				CLANG_WARN_EMPTY_BODY = YES;
				CLANG_WARN_ENUM_CONVERSION = YES;
				CLANG_WARN_INFINITE_RECURSION = YES;
				CLANG_WARN_INT_CONVERSION = YES;
				CLANG_WARN_OBJC_ROOT_CLASS = YES_ERROR;
				CLANG_WARN_SUSPICIOUS_MOVES = YES;
				CLANG_WARN_UNREACHABLE_CODE = YES;
				CLANG_WARN__DUPLICATE_METHOD_MATCH = YES;
				"CODE_SIGN_IDENTITY[sdk=iphoneos*]" = "iPhone Developer";
				COPY_PHASE_STRIP = NO;
				DEBUG_INFORMATION_FORMAT = "dwarf-with-dsym";
				ENABLE_NS_ASSERTIONS = NO;
				ENABLE_STRICT_OBJC_MSGSEND = YES;
				GCC_C_LANGUAGE_STANDARD = gnu99;
				GCC_NO_COMMON_BLOCKS = YES;
				GCC_WARN_64_TO_32_BIT_CONVERSION = YES;
				GCC_WARN_ABOUT_RETURN_TYPE = YES_ERROR;
				GCC_WARN_UNDECLARED_SELECTOR = YES;
				GCC_WARN_UNINITIALIZED_AUTOS = YES_AGGRESSIVE;
				GCC_WARN_UNUSED_FUNCTION = YES;
				GCC_WARN_UNUSED_VARIABLE = YES;
				IPHONEOS_DEPLOYMENT_TARGET = 10.1;
				MTL_ENABLE_DEBUG_INFO = NO;
				SDKROOT = iphoneos;
				VALIDATE_PRODUCT = YES;
			};
			name = Release;
		};
		8402821D1EBB2F09009010CB /* Debug */ = {
			isa = XCBuildConfiguration;
			buildSettings = {
				ASSETCATALOG_COMPILER_APPICON_NAME = AppIcon;
				DEVELOPMENT_TEAM = 6R8QQ5YD77;
				INFOPLIST_FILE = MyApp/Info.plist;
				LD_RUNPATH_SEARCH_PATHS = "$(inherited) @executable_path/Frameworks";
				PRODUCT_BUNDLE_IDENTIFIER = com.MyApp;
				PRODUCT_NAME = "$(TARGET_NAME)";
			};
			name = Debug;
		};
		8402821E1EBB2F09009010CB /* Release */ = {
			isa = XCBuildConfiguration;
			buildSettings = {
				ASSETCATALOG_COMPILER_APPICON_NAME = AppIcon;
				DEVELOPMENT_TEAM = 6R8QQ5YD77;
				INFOPLIST_FILE = MyApp/Info.plist;
				LD_RUNPATH_SEARCH_PATHS = "$(inherited) @executable_path/Frameworks";
				PRODUCT_BUNDLE_IDENTIFIER = com.MyApp;
				PRODUCT_NAME = "$(TARGET_NAME)";
			};
			name = Release;
		};
/* End XCBuildConfiguration section */

/* Begin XCConfigurationList section */
		840282001EBB2F09009010CB /* Build configuration list for PBXProject "MyApp" */ = {
			isa = XCConfigurationList;
			buildConfigurations = (
				8402821A1EBB2F09009010CB /* Debug */,
				8402821B1EBB2F09009010CB /* Release */,
			);
			defaultConfigurationIsVisible = 0;
			defaultConfigurationName = Release;
		};
		8402821C1EBB2F09009010CB /* Build configuration list for PBXNativeTarget "MyApp" */ = {
			isa = XCConfigurationList;
			buildConfigurations = (
				8402821D1EBB2F09009010CB /* Debug */,
				8402821E1EBB2F09009010CB /* Release */,
			);
			defaultConfigurationIsVisible = 0;
		};
/* End XCConfigurationList section */
	};
	rootObject = 840281FD1EBB2F09009010CB /* Project object */;
}
